// !$*UTF8*$!
{
	archiveVersion = 1;
	classes = {
	};
	objectVersion = 55;
	objects = {

/* Begin PBXBuildFile section */
		13F7F16D27D47A32008875FC /* AppDelegate.swift in Sources */ = {isa = PBXBuildFile; fileRef = 13F7F16C27D47A32008875FC /* AppDelegate.swift */; };
		13F7F16F27D47A32008875FC /* SceneDelegate.swift in Sources */ = {isa = PBXBuildFile; fileRef = 13F7F16E27D47A32008875FC /* SceneDelegate.swift */; };
		13F7F17127D47A32008875FC /* ViewController.swift in Sources */ = {isa = PBXBuildFile; fileRef = 13F7F17027D47A32008875FC /* ViewController.swift */; };
		13F7F17427D47A32008875FC /* Main.storyboard in Resources */ = {isa = PBXBuildFile; fileRef = 13F7F17227D47A32008875FC /* Main.storyboard */; };
		13F7F17627D47A33008875FC /* Assets.xcassets in Resources */ = {isa = PBXBuildFile; fileRef = 13F7F17527D47A33008875FC /* Assets.xcassets */; };
		13F7F17927D47A33008875FC /* LaunchScreen.storyboard in Resources */ = {isa = PBXBuildFile; fileRef = 13F7F17727D47A33008875FC /* LaunchScreen.storyboard */; };
		13F7F18127D47A8C008875FC /* TimelineRow.swift in Sources */ = {isa = PBXBuildFile; fileRef = 13F7F18027D47A8C008875FC /* TimelineRow.swift */; };
		13F7F18327D47A9C008875FC /* TimelineRow.xib in Resources */ = {isa = PBXBuildFile; fileRef = 13F7F18227D47A9C008875FC /* TimelineRow.xib */; };
		13F7F18527D47EB6008875FC /* TimelineStack.swift in Sources */ = {isa = PBXBuildFile; fileRef = 13F7F18427D47EB6008875FC /* TimelineStack.swift */; };
		13F7F18727D47EC4008875FC /* TimelineStack.xib in Resources */ = {isa = PBXBuildFile; fileRef = 13F7F18627D47EC4008875FC /* TimelineStack.xib */; };
		13F7F18927D47F64008875FC /* TimelineRowModel.swift in Sources */ = {isa = PBXBuildFile; fileRef = 13F7F18827D47F64008875FC /* TimelineRowModel.swift */; };
/* End PBXBuildFile section */

/* Begin PBXFileReference section */
		13F7F16927D47A32008875FC /* VerticalTimelineView.app */ = {isa = PBXFileReference; explicitFileType = wrapper.application; includeInIndex = 0; path = VerticalTimelineView.app; sourceTree = BUILT_PRODUCTS_DIR; };
		13F7F16C27D47A32008875FC /* AppDelegate.swift */ = {isa = PBXFileReference; lastKnownFileType = sourcecode.swift; path = AppDelegate.swift; sourceTree = "<group>"; };
		13F7F16E27D47A32008875FC /* SceneDelegate.swift */ = {isa = PBXFileReference; lastKnownFileType = sourcecode.swift; path = SceneDelegate.swift; sourceTree = "<group>"; };
		13F7F17027D47A32008875FC /* ViewController.swift */ = {isa = PBXFileReference; lastKnownFileType = sourcecode.swift; path = ViewController.swift; sourceTree = "<group>"; };
		13F7F17327D47A32008875FC /* Base */ = {isa = PBXFileReference; lastKnownFileType = file.storyboard; name = Base; path = Base.lproj/Main.storyboard; sourceTree = "<group>"; };
		13F7F17527D47A33008875FC /* Assets.xcassets */ = {isa = PBXFileReference; lastKnownFileType = folder.assetcatalog; path = Assets.xcassets; sourceTree = "<group>"; };
		13F7F17827D47A33008875FC /* Base */ = {isa = PBXFileReference; lastKnownFileType = file.storyboard; name = Base; path = Base.lproj/LaunchScreen.storyboard; sourceTree = "<group>"; };
		13F7F17A27D47A33008875FC /* Info.plist */ = {isa = PBXFileReference; lastKnownFileType = text.plist.xml; path = Info.plist; sourceTree = "<group>"; };
		13F7F18027D47A8C008875FC /* TimelineRow.swift */ = {isa = PBXFileReference; lastKnownFileType = sourcecode.swift; path = TimelineRow.swift; sourceTree = "<group>"; };
		13F7F18227D47A9C008875FC /* TimelineRow.xib */ = {isa = PBXFileReference; lastKnownFileType = file.xib; path = TimelineRow.xib; sourceTree = "<group>"; };
		13F7F18427D47EB6008875FC /* TimelineStack.swift */ = {isa = PBXFileReference; lastKnownFileType = sourcecode.swift; path = TimelineStack.swift; sourceTree = "<group>"; };
		13F7F18627D47EC4008875FC /* TimelineStack.xib */ = {isa = PBXFileReference; lastKnownFileType = file.xib; path = TimelineStack.xib; sourceTree = "<group>"; };
		13F7F18827D47F64008875FC /* TimelineRowModel.swift */ = {isa = PBXFileReference; lastKnownFileType = sourcecode.swift; path = TimelineRowModel.swift; sourceTree = "<group>"; };
/* End PBXFileReference section */

/* Begin PBXFrameworksBuildPhase section */
		13F7F16627D47A32008875FC /* Frameworks */ = {
			isa = PBXFrameworksBuildPhase;
			buildActionMask = 2147483647;
			files = (
			);
			runOnlyForDeploymentPostprocessing = 0;
		};
/* End PBXFrameworksBuildPhase section */

/* Begin PBXGroup section */
		13F7F16027D47A32008875FC = {
			isa = PBXGroup;
			children = (
				13F7F16B27D47A32008875FC /* VerticalTimelineView */,
				13F7F16A27D47A32008875FC /* Products */,
			);
			sourceTree = "<group>";
		};
		13F7F16A27D47A32008875FC /* Products */ = {
			isa = PBXGroup;
			children = (
				13F7F16927D47A32008875FC /* VerticalTimelineView.app */,
			);
			name = Products;
			sourceTree = "<group>";
		};
		13F7F16B27D47A32008875FC /* VerticalTimelineView */ = {
			isa = PBXGroup;
			children = (
				13F7F16C27D47A32008875FC /* AppDelegate.swift */,
				13F7F16E27D47A32008875FC /* SceneDelegate.swift */,
				13F7F17027D47A32008875FC /* ViewController.swift */,
				13F7F17227D47A32008875FC /* Main.storyboard */,
				13F7F17527D47A33008875FC /* Assets.xcassets */,
				13F7F17727D47A33008875FC /* LaunchScreen.storyboard */,
				13F7F17A27D47A33008875FC /* Info.plist */,
				13F7F18027D47A8C008875FC /* TimelineRow.swift */,
				13F7F18427D47EB6008875FC /* TimelineStack.swift */,
				13F7F18827D47F64008875FC /* TimelineRowModel.swift */,
				13F7F18627D47EC4008875FC /* TimelineStack.xib */,
				13F7F18227D47A9C008875FC /* TimelineRow.xib */,
			);
			path = VerticalTimelineView;
			sourceTree = "<group>";
		};
/* End PBXGroup section */

/* Begin PBXNativeTarget section */
		13F7F16827D47A32008875FC /* VerticalTimelineView */ = {
			isa = PBXNativeTarget;
			buildConfigurationList = 13F7F17D27D47A33008875FC /* Build configuration list for PBXNativeTarget "VerticalTimelineView" */;
			buildPhases = (
				13F7F16527D47A32008875FC /* Sources */,
				13F7F16627D47A32008875FC /* Frameworks */,
				13F7F16727D47A32008875FC /* Resources */,
			);
			buildRules = (
			);
			dependencies = (
			);
			name = VerticalTimelineView;
			productName = VerticalTimelineView;
			productReference = 13F7F16927D47A32008875FC /* VerticalTimelineView.app */;
			productType = "com.apple.product-type.application";
		};
/* End PBXNativeTarget section */

/* Begin PBXProject section */
		13F7F16127D47A32008875FC /* Project object */ = {
			isa = PBXProject;
			attributes = {
				BuildIndependentTargetsInParallel = 1;
				LastSwiftUpdateCheck = 1320;
				LastUpgradeCheck = 1320;
				TargetAttributes = {
					13F7F16827D47A32008875FC = {
						CreatedOnToolsVersion = 13.2.1;
					};
				};
			};
			buildConfigurationList = 13F7F16427D47A32008875FC /* Build configuration list for PBXProject "VerticalTimelineView" */;
			compatibilityVersion = "Xcode 13.0";
			developmentRegion = en;
			hasScannedForEncodings = 0;
			knownRegions = (
				en,
				Base,
			);
			mainGroup = 13F7F16027D47A32008875FC;
			productRefGroup = 13F7F16A27D47A32008875FC /* Products */;
			projectDirPath = "";
			projectRoot = "";
			targets = (
				13F7F16827D47A32008875FC /* VerticalTimelineView */,
			);
		};
/* End PBXProject section */

/* Begin PBXResourcesBuildPhase section */
		13F7F16727D47A32008875FC /* Resources */ = {
			isa = PBXResourcesBuildPhase;
			buildActionMask = 2147483647;
			files = (
				13F7F17927D47A33008875FC /* LaunchScreen.storyboard in Resources */,
				13F7F18727D47EC4008875FC /* TimelineStack.xib in Resources */,
				13F7F17627D47A33008875FC /* Assets.xcassets in Resources */,
				13F7F17427D47A32008875FC /* Main.storyboard in Resources */,
				13F7F18327D47A9C008875FC /* TimelineRow.xib in Resources */,
			);
			runOnlyForDeploymentPostprocessing = 0;
		};
/* End PBXResourcesBuildPhase section */

/* Begin PBXSourcesBuildPhase section */
		13F7F16527D47A32008875FC /* Sources */ = {
			isa = PBXSourcesBuildPhase;
			buildActionMask = 2147483647;
			files = (
				13F7F17127D47A32008875FC /* ViewController.swift in Sources */,
				13F7F16D27D47A32008875FC /* AppDelegate.swift in Sources */,
				13F7F18527D47EB6008875FC /* TimelineStack.swift in Sources */,
				13F7F16F27D47A32008875FC /* SceneDelegate.swift in Sources */,
				13F7F18127D47A8C008875FC /* TimelineRow.swift in Sources */,
				13F7F18927D47F64008875FC /* TimelineRowModel.swift in Sources */,
			);
			runOnlyForDeploymentPostprocessing = 0;
		};
/* End PBXSourcesBuildPhase section */

/* Begin PBXVariantGroup section */
		13F7F17227D47A32008875FC /* Main.storyboard */ = {
			isa = PBXVariantGroup;
			children = (
				13F7F17327D47A32008875FC /* Base */,
			);
			name = Main.storyboard;
			sourceTree = "<group>";
		};
		13F7F17727D47A33008875FC /* LaunchScreen.storyboard */ = {
			isa = PBXVariantGroup;
			children = (
				13F7F17827D47A33008875FC /* Base */,
			);
			name = LaunchScreen.storyboard;
			sourceTree = "<group>";
		};
/* End PBXVariantGroup section */

/* Begin XCBuildConfiguration section */
		13F7F17B27D47A33008875FC /* Debug */ = {
			isa = XCBuildConfiguration;
			buildSettings = {
				ALWAYS_SEARCH_USER_PATHS = NO;
				CLANG_ANALYZER_NONNULL = YES;
				CLANG_ANALYZER_NUMBER_OBJECT_CONVERSION = YES_AGGRESSIVE;
				CLANG_CXX_LANGUAGE_STANDARD = "gnu++17";
				CLANG_CXX_LIBRARY = "libc++";
				CLANG_ENABLE_MODULES = YES;
				CLANG_ENABLE_OBJC_ARC = YES;
				CLANG_ENABLE_OBJC_WEAK = YES;
				CLANG_WARN_BLOCK_CAPTURE_AUTORELEASING = YES;
				CLANG_WARN_BOOL_CONVERSION = YES;
				CLANG_WARN_COMMA = YES;
				CLANG_WARN_CONSTANT_CONVERSION = YES;
				CLANG_WARN_DEPRECATED_OBJC_IMPLEMENTATIONS = YES;
				CLANG_WARN_DIRECT_OBJC_ISA_USAGE = YES_ERROR;
				CLANG_WARN_DOCUMENTATION_COMMENTS = YES;
				CLANG_WARN_EMPTY_BODY = YES;
				CLANG_WARN_ENUM_CONVERSION = YES;
				CLANG_WARN_INFINITE_RECURSION = YES;
				CLANG_WARN_INT_CONVERSION = YES;
				CLANG_WARN_NON_LITERAL_NULL_CONVERSION = YES;
				CLANG_WARN_OBJC_IMPLICIT_RETAIN_SELF = YES;
				CLANG_WARN_OBJC_LITERAL_CONVERSION = YES;
				CLANG_WARN_OBJC_ROOT_CLASS = YES_ERROR;
				CLANG_WARN_QUOTED_INCLUDE_IN_FRAMEWORK_HEADER = YES;
				CLANG_WARN_RANGE_LOOP_ANALYSIS = YES;
				CLANG_WARN_STRICT_PROTOTYPES = YES;
				CLANG_WARN_SUSPICIOUS_MOVE = YES;
				CLANG_WARN_UNGUARDED_AVAILABILITY = YES_AGGRESSIVE;
				CLANG_WARN_UNREACHABLE_CODE = YES;
				CLANG_WARN__DUPLICATE_METHOD_MATCH = YES;
				COPY_PHASE_STRIP = NO;
				DEBUG_INFORMATION_FORMAT = dwarf;
				ENABLE_STRICT_OBJC_MSGSEND = YES;
				ENABLE_TESTABILITY = YES;
				GCC_C_LANGUAGE_STANDARD = gnu11;
				GCC_DYNAMIC_NO_PIC = NO;
				GCC_NO_COMMON_BLOCKS = YES;
				GCC_OPTIMIZATION_LEVEL = 0;
				GCC_PREPROCESSOR_DEFINITIONS = (
					"DEBUG=1",
					"$(inherited)",
				);
				GCC_WARN_64_TO_32_BIT_CONVERSION = YES;
				GCC_WARN_ABOUT_RETURN_TYPE = YES_ERROR;
				GCC_WARN_UNDECLARED_SELECTOR = YES;
				GCC_WARN_UNINITIALIZED_AUTOS = YES_AGGRESSIVE;
				GCC_WARN_UNUSED_FUNCTION = YES;
				GCC_WARN_UNUSED_VARIABLE = YES;
				IPHONEOS_DEPLOYMENT_TARGET = 15.2;
				MTL_ENABLE_DEBUG_INFO = INCLUDE_SOURCE;
				MTL_FAST_MATH = YES;
				ONLY_ACTIVE_ARCH = YES;
				SDKROOT = iphoneos;
				SWIFT_ACTIVE_COMPILATION_CONDITIONS = DEBUG;
				SWIFT_OPTIMIZATION_LEVEL = "-Onone";
			};
			name = Debug;
		};
		13F7F17C27D47A33008875FC /* Release */ = {
			isa = XCBuildConfiguration;
			buildSettings = {
				ALWAYS_SEARCH_USER_PATHS = NO;
				CLANG_ANALYZER_NONNULL = YES;
				CLANG_ANALYZER_NUMBER_OBJECT_CONVERSION = YES_AGGRESSIVE;
				CLANG_CXX_LANGUAGE_STANDARD = "gnu++17";
				CLANG_CXX_LIBRARY = "libc++";
				CLANG_ENABLE_MODULES = YES;
				CLANG_ENABLE_OBJC_ARC = YES;
				CLANG_ENABLE_OBJC_WEAK = YES;
				CLANG_WARN_BLOCK_CAPTURE_AUTORELEASING = YES;
				CLANG_WARN_BOOL_CONVERSION = YES;
				CLANG_WARN_COMMA = YES;
				CLANG_WARN_CONSTANT_CONVERSION = YES;
				CLANG_WARN_DEPRECATED_OBJC_IMPLEMENTATIONS = YES;
				CLANG_WARN_DIRECT_OBJC_ISA_USAGE = YES_ERROR;
				CLANG_WARN_DOCUMENTATION_COMMENTS = YES;
				CLANG_WARN_EMPTY_BODY = YES;
				CLANG_WARN_ENUM_CONVERSION = YES;
				CLANG_WARN_INFINITE_RECURSION = YES;
				CLANG_WARN_INT_CONVERSION = YES;
				CLANG_WARN_NON_LITERAL_NULL_CONVERSION = YES;
				CLANG_WARN_OBJC_IMPLICIT_RETAIN_SELF = YES;
				CLANG_WARN_OBJC_LITERAL_CONVERSION = YES;
				CLANG_WARN_OBJC_ROOT_CLASS = YES_ERROR;
				CLANG_WARN_QUOTED_INCLUDE_IN_FRAMEWORK_HEADER = YES;
				CLANG_WARN_RANGE_LOOP_ANALYSIS = YES;
				CLANG_WARN_STRICT_PROTOTYPES = YES;
				CLANG_WARN_SUSPICIOUS_MOVE = YES;
				CLANG_WARN_UNGUARDED_AVAILABILITY = YES_AGGRESSIVE;
				CLANG_WARN_UNREACHABLE_CODE = YES;
				CLANG_WARN__DUPLICATE_METHOD_MATCH = YES;
				COPY_PHASE_STRIP = NO;
				DEBUG_INFORMATION_FORMAT = "dwarf-with-dsym";
				ENABLE_NS_ASSERTIONS = NO;
				ENABLE_STRICT_OBJC_MSGSEND = YES;
				GCC_C_LANGUAGE_STANDARD = gnu11;
				GCC_NO_COMMON_BLOCKS = YES;
				GCC_WARN_64_TO_32_BIT_CONVERSION = YES;
				GCC_WARN_ABOUT_RETURN_TYPE = YES_ERROR;
				GCC_WARN_UNDECLARED_SELECTOR = YES;
				GCC_WARN_UNINITIALIZED_AUTOS = YES_AGGRESSIVE;
				GCC_WARN_UNUSED_FUNCTION = YES;
				GCC_WARN_UNUSED_VARIABLE = YES;
				IPHONEOS_DEPLOYMENT_TARGET = 15.2;
				MTL_ENABLE_DEBUG_INFO = NO;
				MTL_FAST_MATH = YES;
				SDKROOT = iphoneos;
				SWIFT_COMPILATION_MODE = wholemodule;
				SWIFT_OPTIMIZATION_LEVEL = "-O";
				VALIDATE_PRODUCT = YES;
			};
			name = Release;
		};
		13F7F17E27D47A33008875FC /* Debug */ = {
			isa = XCBuildConfiguration;
			buildSettings = {
				ASSETCATALOG_COMPILER_APPICON_NAME = AppIcon;
				ASSETCATALOG_COMPILER_GLOBAL_ACCENT_COLOR_NAME = AccentColor;
				ASSETCATALOG_COMPILER_INCLUDE_ALL_APPICON_ASSETS = YES;
				CODE_SIGN_STYLE = Automatic;
				CURRENT_PROJECT_VERSION = 1;
				DEVELOPMENT_TEAM = J4VPUT8SM9;
				GENERATE_INFOPLIST_FILE = YES;
				INFOPLIST_FILE = VerticalTimelineView/Info.plist;
				INFOPLIST_KEY_UIApplicationSupportsIndirectInputEvents = YES;
				INFOPLIST_KEY_UILaunchStoryboardName = LaunchScreen;
				INFOPLIST_KEY_UIMainStoryboardFile = Main;
				INFOPLIST_KEY_UISupportedInterfaceOrientations_iPad = "UIInterfaceOrientationPortrait UIInterfaceOrientationPortraitUpsideDown UIInterfaceOrientationLandscapeLeft UIInterfaceOrientationLandscapeRight";
				INFOPLIST_KEY_UISupportedInterfaceOrientations_iPhone = "UIInterfaceOrientationPortrait UIInterfaceOrientationLandscapeLeft UIInterfaceOrientationLandscapeRight";
				LD_RUNPATH_SEARCH_PATHS = (
					"$(inherited)",
					"@executable_path/Frameworks",
				);
				MARKETING_VERSION = 1.0;
				PRODUCT_BUNDLE_IDENTIFIER = dev.manishkumar.VerticalTimelineView;
				PRODUCT_NAME = "$(TARGET_NAME)";
				SWIFT_EMIT_LOC_STRINGS = YES;
				SWIFT_VERSION = 5.0;
				TARGETED_DEVICE_FAMILY = "1,2";
			};
			name = Debug;
		};
		13F7F17F27D47A33008875FC /* Release */ = {
			isa = XCBuildConfiguration;
			buildSettings = {
				ASSETCATALOG_COMPILER_APPICON_NAME = AppIcon;
				ASSETCATALOG_COMPILER_GLOBAL_ACCENT_COLOR_NAME = AccentColor;
				ASSETCATALOG_COMPILER_INCLUDE_ALL_APPICON_ASSETS = YES;
				CODE_SIGN_STYLE = Automatic;
				CURRENT_PROJECT_VERSION = 1;
				DEVELOPMENT_TEAM = J4VPUT8SM9;
				GENERATE_INFOPLIST_FILE = YES;
				INFOPLIST_FILE = VerticalTimelineView/Info.plist;
				INFOPLIST_KEY_UIApplicationSupportsIndirectInputEvents = YES;
				INFOPLIST_KEY_UILaunchStoryboardName = LaunchScreen;
				INFOPLIST_KEY_UIMainStoryboardFile = Main;
				INFOPLIST_KEY_UISupportedInterfaceOrientations_iPad = "UIInterfaceOrientationPortrait UIInterfaceOrientationPortraitUpsideDown UIInterfaceOrientationLandscapeLeft UIInterfaceOrientationLandscapeRight";
				INFOPLIST_KEY_UISupportedInterfaceOrientations_iPhone = "UIInterfaceOrientationPortrait UIInterfaceOrientationLandscapeLeft UIInterfaceOrientationLandscapeRight";
				LD_RUNPATH_SEARCH_PATHS = (
					"$(inherited)",
					"@executable_path/Frameworks",
				);
				MARKETING_VERSION = 1.0;
				PRODUCT_BUNDLE_IDENTIFIER = dev.manishkumar.VerticalTimelineView;
				PRODUCT_NAME = "$(TARGET_NAME)";
				SWIFT_EMIT_LOC_STRINGS = YES;
				SWIFT_VERSION = 5.0;
				TARGETED_DEVICE_FAMILY = "1,2";
			};
			name = Release;
		};
/* End XCBuildConfiguration section */

/* Begin XCConfigurationList section */
		13F7F16427D47A32008875FC /* Build configuration list for PBXProject "VerticalTimelineView" */ = {
			isa = XCConfigurationList;
			buildConfigurations = (
				13F7F17B27D47A33008875FC /* Debug */,
				13F7F17C27D47A33008875FC /* Release */,
			);
			defaultConfigurationIsVisible = 0;
			defaultConfigurationName = Release;
		};
		13F7F17D27D47A33008875FC /* Build configuration list for PBXNativeTarget "VerticalTimelineView" */ = {
			isa = XCConfigurationList;
			buildConfigurations = (
				13F7F17E27D47A33008875FC /* Debug */,
				13F7F17F27D47A33008875FC /* Release */,
			);
			defaultConfigurationIsVisible = 0;
			defaultConfigurationName = Release;
		};
/* End XCConfigurationList section */
	};
	rootObject = 13F7F16127D47A32008875FC /* Project object */;
}
